// !$*UTF8*$!
{
	archiveVersion = 1;
	classes = {
	};
	objectVersion = 46;
	objects = {

/* Begin PBXBuildFile section */
		470243F79261CC218D1D0A37 /* main.m in Sources */ = {isa = PBXBuildFile; fileRef = 93BE277583CE4B5F2742C5B5 /* main.m */; };
		67E264FF69110129DD41AB3F /* AppDelegate.mm in Sources */ = {isa = PBXBuildFile; fileRef = 35D697FD4AF54FE7814FB63D /* AppDelegate.mm */; };
		CE30F8811EFA826A0053E8CA /* CoreFoundation.framework in Frameworks */ = {isa = PBXBuildFile; fileRef = CE30F8801EFA826A0053E8CA /* CoreFoundation.framework */; };
		CE30F8831EFA82720053E8CA /* UIKit.framework in Frameworks */ = {isa = PBXBuildFile; fileRef = CE30F8821EFA82720053E8CA /* UIKit.framework */; };
/* End PBXBuildFile section */

/* Begin PBXFileReference section */
		12D3AC85765B866F8BBE0AC5 /* Info.plist */ = {isa = PBXFileReference; lastKnownFileType = text.plist.xml; name = Info.plist; path = ../../Info.plist; sourceTree = "<group>"; };
		35D697FD4AF54FE7814FB63D /* AppDelegate.mm */ = {isa = PBXFileReference; lastKnownFileType = sourcecode.cpp.objc; name = AppDelegate.mm; path = ../../../tests/SimpleApp/AppDelegate.mm; sourceTree = "<group>"; };
		744FB1D943AB6743C66C4019 /* AppDelegate.h */ = {isa = PBXFileReference; lastKnownFileType = sourcecode.c.h; name = AppDelegate.h; path = ../../../tests/SimpleApp/AppDelegate.h; sourceTree = "<group>"; };
		93BE277583CE4B5F2742C5B5 /* main.m */ = {isa = PBXFileReference; lastKnownFileType = sourcecode.c.objc; name = main.m; path = ../../../tests/SimpleApp/main.m; sourceTree = "<group>"; };
		CE071B3C203EF4B000A57A2C /* ReplayKit.framework */ = {isa = PBXFileReference; lastKnownFileType = wrapper.framework; name = ReplayKit.framework; path = System/Library/Frameworks/ReplayKit.framework; sourceTree = SDKROOT; };
		CE30F8801EFA826A0053E8CA /* CoreFoundation.framework */ = {isa = PBXFileReference; lastKnownFileType = wrapper.framework; name = CoreFoundation.framework; path = System/Library/Frameworks/CoreFoundation.framework; sourceTree = SDKROOT; };
		CE30F8821EFA82720053E8CA /* UIKit.framework */ = {isa = PBXFileReference; lastKnownFileType = wrapper.framework; name = UIKit.framework; path = System/Library/Frameworks/UIKit.framework; sourceTree = SDKROOT; };
		CE7CAE8C204061EE0011791B /* test_d.app */ = {isa = PBXFileReference; explicitFileType = wrapper.application; includeInIndex = 0; path = test_d.app; sourceTree = BUILT_PRODUCTS_DIR; };
		CE7CAE8F20406C7E0011791B /* PrefixHeader.pch */ = {isa = PBXFileReference; lastKnownFileType = sourcecode.c.h; path = PrefixHeader.pch; sourceTree = "<group>"; };
/* End PBXFileReference section */

/* Begin PBXFrameworksBuildPhase section */
		821D57B300AF6A5D4039ADF3 /* Frameworks */ = {
			isa = PBXFrameworksBuildPhase;
			buildActionMask = 2147483647;
			files = (
				CE30F8831EFA82720053E8CA /* UIKit.framework in Frameworks */,
				CE30F8811EFA826A0053E8CA /* CoreFoundation.framework in Frameworks */,
			);
			runOnlyForDeploymentPostprocessing = 0;
		};
/* End PBXFrameworksBuildPhase section */

/* Begin PBXGroup section */
		2B4143D1619802BBB2B0C211 /* SimpleApp */ = {
			isa = PBXGroup;
			children = (
				744FB1D943AB6743C66C4019 /* AppDelegate.h */,
				35D697FD4AF54FE7814FB63D /* AppDelegate.mm */,
				93BE277583CE4B5F2742C5B5 /* main.m */,
			);
			name = SimpleApp;
			sourceTree = "<group>";
		};
		544595F165C076DB88065431 /* test */ = {
			isa = PBXGroup;
			children = (
				CE7CAE8F20406C7E0011791B /* PrefixHeader.pch */,
				12D3AC85765B866F8BBE0AC5 /* Info.plist */,
				B286E73F69D774A9BBFA757F /* tests */,
				581EEAC54FB7EDAF2070E905 /* Projects */,
				CE30F87F1EFA826A0053E8CA /* Frameworks */,
				CE7CAE8D204061EE0011791B /* Products */,
			);
			name = test;
			sourceTree = "<group>";
		};
		581EEAC54FB7EDAF2070E905 /* Projects */ = {
			isa = PBXGroup;
			children = (
			);
			name = Projects;
			sourceTree = "<group>";
		};
		B286E73F69D774A9BBFA757F /* tests */ = {
			isa = PBXGroup;
			children = (
				2B4143D1619802BBB2B0C211 /* SimpleApp */,
			);
			name = tests;
			sourceTree = "<group>";
		};
		CE30F87F1EFA826A0053E8CA /* Frameworks */ = {
			isa = PBXGroup;
			children = (
				CE071B3C203EF4B000A57A2C /* ReplayKit.framework */,
				CE30F8821EFA82720053E8CA /* UIKit.framework */,
				CE30F8801EFA826A0053E8CA /* CoreFoundation.framework */,
			);
			name = Frameworks;
			sourceTree = "<group>";
		};
		CE7CAE8D204061EE0011791B /* Products */ = {
			isa = PBXGroup;
			children = (
				CE7CAE8C204061EE0011791B /* test_d.app */,
			);
			name = Products;
			sourceTree = "<group>";
		};
/* End PBXGroup section */

/* Begin PBXHeadersBuildPhase section */
		CE071B49203F111D00A57A2C /* Headers */ = {
			isa = PBXHeadersBuildPhase;
			buildActionMask = 2147483647;
			files = (
			);
			runOnlyForDeploymentPostprocessing = 0;
		};
/* End PBXHeadersBuildPhase section */

/* Begin PBXNativeTarget section */
		238D33D8CE8E634298220218 /* test */ = {
			isa = PBXNativeTarget;
			buildConfigurationList = 5E3FB372DCD1C61C1C5C09B2 /* Build configuration list for PBXNativeTarget "test" */;
			buildPhases = (
				03EE3C5382804EFDC20A9293 /* Resources */,
				9DA3C40A1C35D6B45BC01A4A /* Sources */,
				821D57B300AF6A5D4039ADF3 /* Frameworks */,
				CE071B49203F111D00A57A2C /* Headers */,
			);
			buildRules = (
			);
			dependencies = (
			);
			name = test;
			productInstallPath = "$(HOME)/Applications";
			productName = test;
			productReference = CE7CAE8C204061EE0011791B /* test_d.app */;
			productType = "com.apple.product-type.application";
		};
/* End PBXNativeTarget section */

/* Begin PBXProject section */
		08FB7793FE84155DC02AAC07 /* Project object */ = {
			isa = PBXProject;
			attributes = {
				LastUpgradeCheck = 0910;
				TargetAttributes = {
					238D33D8CE8E634298220218 = {
						ProvisioningStyle = Manual;
					};
				};
			};
			buildConfigurationList = 1DEB928908733DD80010E9CD /* Build configuration list for PBXProject "test" */;
			compatibilityVersion = "Xcode 3.2";
			developmentRegion = English;
			hasScannedForEncodings = 1;
			knownRegions = (
				en,
			);
			mainGroup = 544595F165C076DB88065431 /* test */;
			productRefGroup = CE7CAE8D204061EE0011791B /* Products */;
			projectDirPath = "";
			projectRoot = "";
			targets = (
				238D33D8CE8E634298220218 /* test */,
			);
		};
/* End PBXProject section */

/* Begin PBXResourcesBuildPhase section */
		03EE3C5382804EFDC20A9293 /* Resources */ = {
			isa = PBXResourcesBuildPhase;
			buildActionMask = 2147483647;
			files = (
			);
			runOnlyForDeploymentPostprocessing = 0;
		};
/* End PBXResourcesBuildPhase section */

/* Begin PBXSourcesBuildPhase section */
		9DA3C40A1C35D6B45BC01A4A /* Sources */ = {
			isa = PBXSourcesBuildPhase;
			buildActionMask = 2147483647;
			files = (
				67E264FF69110129DD41AB3F /* AppDelegate.mm in Sources */,
				470243F79261CC218D1D0A37 /* main.m in Sources */,
			);
			runOnlyForDeploymentPostprocessing = 0;
		};
/* End PBXSourcesBuildPhase section */

/* Begin XCBuildConfiguration section */
		1D80138988E178B3D40AF9C9 /* Debug */ = {
			isa = XCBuildConfiguration;
			buildSettings = {
				ALWAYS_SEARCH_USER_PATHS = NO;
				CLANG_CXX_LANGUAGE_STANDARD = "c++11";
				CLANG_CXX_LIBRARY = "libc++";
				CLANG_WARN_BLOCK_CAPTURE_AUTORELEASING = YES;
				CLANG_WARN_BOOL_CONVERSION = YES;
				CLANG_WARN_COMMA = YES;
				CLANG_WARN_CONSTANT_CONVERSION = YES;
				CLANG_WARN_EMPTY_BODY = YES;
				CLANG_WARN_ENUM_CONVERSION = YES;
				CLANG_WARN_INFINITE_RECURSION = YES;
				CLANG_WARN_INT_CONVERSION = YES;
				CLANG_WARN_NON_LITERAL_NULL_CONVERSION = YES;
				CLANG_WARN_OBJC_LITERAL_CONVERSION = YES;
				CLANG_WARN_RANGE_LOOP_ANALYSIS = YES;
				CLANG_WARN_STRICT_PROTOTYPES = YES;
				CLANG_WARN_SUSPICIOUS_MOVE = YES;
				CLANG_WARN_UNREACHABLE_CODE = YES;
				CLANG_WARN__DUPLICATE_METHOD_MATCH = YES;
				CODE_SIGN_IDENTITY = "iPhone Developer: Valeri Vuchov (WDTMDP2J2J)";
				COMMON_HEADER_SEARCH_PATHS = ../../../include;
				CONFIGURATION_BUILD_DIR = "";
				CONFIGURATION_TEMP_DIR = "$(OBJROOT)";
				COPY_PHASE_STRIP = NO;
				ENABLE_STRICT_OBJC_MSGSEND = YES;
				ENABLE_TESTABILITY = YES;
				GCC_C_LANGUAGE_STANDARD = c11;
				GCC_DYNAMIC_NO_PIC = NO;
				GCC_ENABLE_CPP_EXCEPTIONS = NO;
				GCC_ENABLE_CPP_RTTI = NO;
				GCC_ENABLE_FIX_AND_CONTINUE = YES;
				GCC_ENABLE_OBJC_EXCEPTIONS = NO;
				GCC_MODEL_TUNING = G5;
				GCC_NO_COMMON_BLOCKS = YES;
				GCC_OPTIMIZATION_LEVEL = 0;
				GCC_PFE_FILE_C_DIALECTS = "c++";
				GCC_PRECOMPILE_PREFIX_HEADER = YES;
				GCC_PREFIX_HEADER = "$(SRCROOT)/test-Prefix.pch";
				GCC_PREPROCESSOR_DEFINITIONS = (
					_DEBUG,
					_SCL_SECURE_NO_WARNINGS,
					_CRT_SECURE_NO_WARNINGS,
					_WINSOCK_DEPRECATED_NO_WARNINGS,
					OS_IPHONE,
				);
				GCC_SYMBOLS_PRIVATE_EXTERN = YES;
				GCC_VERSION = com.apple.compilers.llvm.clang.1_0;
				GCC_WARN_64_TO_32_BIT_CONVERSION = YES;
				GCC_WARN_ABOUT_RETURN_TYPE = YES;
				GCC_WARN_CHECK_SWITCH_STATEMENTS = NO;
				GCC_WARN_UNDECLARED_SELECTOR = YES;
				GCC_WARN_UNINITIALIZED_AUTOS = YES;
				GCC_WARN_UNUSED_FUNCTION = YES;
				GCC_WARN_UNUSED_VARIABLE = NO;
				HEADER_SEARCH_PATHS = "$(COMMON_HEADER_SEARCH_PATHS)";
				INSTALL_PATH = "\"$(HOME)/Applications\"";
				OBJROOT = "";
				ONLY_ACTIVE_ARCH = YES;
				OTHER_CFLAGS = (
					"-std=c++11",
					"-stdlib=libc++",
					"-x",
					"objective-c++",
					"-Wno-error",
					"-fembed-bitcode",
				);
				OTHER_LDFLAGS = (
					"-framework",
					CoreFoundation,
					"-framework",
					Foundation,
					"-framework",
					OpenGLES,
					"-framework",
					UIKit,
					"-framework",
					QuartzCore,
					"-framework",
					CoreMotion,
					"-framework",
					CoreTelephony,
					"-framework",
					CoreLocation,
					"-framework",
					Security,
					"-framework",
					AdSupport,
					"-framework",
					GameKit,
					"-framework",
					CFNetwork,
					"-framework",
					MobileCoreServices,
					"-framework",
					Accounts,
					"-framework",
					Social,
					"-framework",
					SystemConfiguration,
					"-framework",
					MessageUI,
					"-framework",
					CoreGraphics,
					"-framework",
					CoreAudio,
					"-framework",
					AudioToolbox,
					"-framework",
					AddressBook,
					"-framework",
					MediaPlayer,
				);
				SDKROOT = appletvos;
				SKIP_INSTALL = YES;
				STANDARD_C_PLUS_PLUS_LIBRARY_TYPE = static;
				SYMROOT = "";
				TARGETED_DEVICE_FAMILY = 3;
				TVOS_DEPLOYMENT_TARGET = 9.0;
				VALID_ARCHS = "$(ARCHS_STANDARD)";
			};
			name = Debug;
		};
		2584D458C303A8C25856C298 /* Release */ = {
			isa = XCBuildConfiguration;
			buildSettings = {
				ALWAYS_SEARCH_USER_PATHS = YES;
				CLANG_CXX_LANGUAGE_STANDARD = "c++0x";
				CLANG_CXX_LIBRARY = "libc++";
				CLANG_ENABLE_MODULES = YES;
				CLANG_ENABLE_OBJC_ARC = NO;
				CLANG_WARN_BOOL_CONVERSION = YES;
				CLANG_WARN_CONSTANT_CONVERSION = YES;
				CLANG_WARN_EMPTY_BODY = YES;
				CLANG_WARN_ENUM_CONVERSION = YES;
				CLANG_WARN_INT_CONVERSION = YES;
				CLANG_WARN_UNREACHABLE_CODE = YES;
				CLANG_WARN__DUPLICATE_METHOD_MATCH = YES;
				CODE_SIGN_IDENTITY = "iPhone Developer";
				"CODE_SIGN_IDENTITY[sdk=appletvos*]" = "iPhone Developer";
				CODE_SIGN_STYLE = Manual;
				COMMON_HEADER_SEARCH_PATHS = ../../../include;
				CONFIGURATION_BUILD_DIR = "$(SYMROOT)";
				CONFIGURATION_TEMP_DIR = "$(OBJROOT)";
				COPY_PHASE_STRIP = NO;
				ENABLE_STRICT_OBJC_MSGSEND = YES;
				EXECUTABLE_PREFIX = "$(SAMPLE-CODE-DISAMBIGUATOR)";
				GCC_C_LANGUAGE_STANDARD = gnu99;
				GCC_DYNAMIC_NO_PIC = NO;
				GCC_ENABLE_CPP_EXCEPTIONS = YES;
				GCC_ENABLE_CPP_RTTI = YES;
				GCC_ENABLE_FIX_AND_CONTINUE = YES;
				GCC_ENABLE_OBJC_EXCEPTIONS = YES;
				GCC_INCREASE_PRECOMPILED_HEADER_SHARING = YES;
				GCC_OPTIMIZATION_LEVEL = 3;
				GCC_PRECOMPILE_PREFIX_HEADER = YES;
				GCC_PREFIX_HEADER = "${PROJECT_DIR}/PrefixHeader.pch";
				GCC_PREPROCESSOR_DEFINITIONS = (
					NDEBUG,
					"_SECURE_SCL=0",
					"_SECURE_SCL_THROWS=0",
					_SCL_SECURE_NO_WARNINGS,
					_CRT_SECURE_NO_WARNINGS,
					_WINSOCK_DEPRECATED_NO_WARNINGS,
					OS_IPHONE,
				);
				GCC_SYMBOLS_PRIVATE_EXTERN = YES;
				GCC_VERSION = com.apple.compilers.llvm.clang.1_0;
				GCC_WARN_64_TO_32_BIT_CONVERSION = YES;
				GCC_WARN_ABOUT_RETURN_TYPE = YES;
				GCC_WARN_CHECK_SWITCH_STATEMENTS = NO;
				GCC_WARN_UNDECLARED_SELECTOR = YES;
				GCC_WARN_UNINITIALIZED_AUTOS = YES;
				GCC_WARN_UNUSED_FUNCTION = YES;
				GCC_WARN_UNUSED_VARIABLE = NO;
				HEADER_SEARCH_PATHS = (
					"$(COMMON_HEADER_SEARCH_PATHS)",
					../../include/,
					/Volumes/HDD/Dan/SVN/tvOSCorePackage/release/project/xcode4/tvos,
					"$(SRCROOT)/**",
					"\"$(SRCROOT)/\"",
				);
				INFOPLIST_FILE = ../../Info.plist;
				INSTALL_PATH = "\"$(HOME)/Applications\"";
				MODULEMAP_FILE = "$(SAMPLE-CODE-DISAMBIGUATOR)";
				OBJROOT = obj/Release/test;
				ONLY_ACTIVE_ARCH = NO;
				OTHER_CFLAGS = (
					"-std=c++11",
					"-stdlib=libc++",
					"-x",
					"objective-c++",
					"-Wno-error",
					"-fembed-bitcode",
				);
				OTHER_LDFLAGS = "";
				PRODUCT_BUNDLE_IDENTIFIER = com.myBundle.id;
				PRODUCT_NAME = test;
				PROVISIONING_PROFILE_SPECIFIER = "";
				SDKROOT = appletvos;
				SKIP_INSTALL = YES;
				SYMROOT = ../../../build/xcode4/tvos;
				TARGETED_DEVICE_FAMILY = 3;
				TVOS_DEPLOYMENT_TARGET = 10.2;
				USER_HEADER_SEARCH_PATHS = "$(SRCROOT)";
				USE_HEADERMAP = NO;
				VALID_ARCHS = "$(ARCHS_STANDARD)";
			};
			name = Release;
		};
		A5E8C35E15F3754892EA219E /* Debug */ = {
			isa = XCBuildConfiguration;
			buildSettings = {
				ALWAYS_SEARCH_USER_PATHS = YES;
				CLANG_CXX_LANGUAGE_STANDARD = "c++0x";
				CLANG_CXX_LIBRARY = "libc++";
				CLANG_ENABLE_MODULES = YES;
				CLANG_ENABLE_OBJC_ARC = NO;
				CLANG_WARN_BOOL_CONVERSION = YES;
				CLANG_WARN_CONSTANT_CONVERSION = YES;
				CLANG_WARN_EMPTY_BODY = YES;
				CLANG_WARN_ENUM_CONVERSION = YES;
				CLANG_WARN_INT_CONVERSION = YES;
				CLANG_WARN_UNREACHABLE_CODE = YES;
				CLANG_WARN__DUPLICATE_METHOD_MATCH = YES;
				CODE_SIGN_IDENTITY = "iPhone Developer";
				"CODE_SIGN_IDENTITY[sdk=appletvos*]" = "iPhone Developer";
				CODE_SIGN_STYLE = Manual;
				COMMON_HEADER_SEARCH_PATHS = ../../../include;
				CONFIGURATION_BUILD_DIR = "$(SYMROOT)";
				CONFIGURATION_TEMP_DIR = "$(OBJROOT)";
				COPY_PHASE_STRIP = NO;
				ENABLE_STRICT_OBJC_MSGSEND = YES;
				EXECUTABLE_PREFIX = "$(SAMPLE-CODE-DISAMBIGUATOR)";
				GCC_C_LANGUAGE_STANDARD = gnu99;
				GCC_DYNAMIC_NO_PIC = NO;
				GCC_ENABLE_CPP_EXCEPTIONS = YES;
				GCC_ENABLE_CPP_RTTI = YES;
				GCC_ENABLE_FIX_AND_CONTINUE = YES;
				GCC_ENABLE_OBJC_EXCEPTIONS = YES;
				GCC_INCREASE_PRECOMPILED_HEADER_SHARING = YES;
				GCC_OPTIMIZATION_LEVEL = 0;
				GCC_PRECOMPILE_PREFIX_HEADER = YES;
				GCC_PREFIX_HEADER = "${PROJECT_DIR}/PrefixHeader.pch";
				GCC_PREPROCESSOR_DEFINITIONS = (
					_DEBUG,
					_SCL_SECURE_NO_WARNINGS,
					_CRT_SECURE_NO_WARNINGS,
					_WINSOCK_DEPRECATED_NO_WARNINGS,
					OS_IPHONE,
				);
				GCC_SYMBOLS_PRIVATE_EXTERN = YES;
				GCC_VERSION = com.apple.compilers.llvm.clang.1_0;
				GCC_WARN_64_TO_32_BIT_CONVERSION = YES;
				GCC_WARN_ABOUT_RETURN_TYPE = YES;
				GCC_WARN_CHECK_SWITCH_STATEMENTS = NO;
				GCC_WARN_UNDECLARED_SELECTOR = YES;
				GCC_WARN_UNINITIALIZED_AUTOS = YES;
				GCC_WARN_UNUSED_FUNCTION = YES;
				GCC_WARN_UNUSED_VARIABLE = NO;
				HEADER_SEARCH_PATHS = (
					"$(COMMON_HEADER_SEARCH_PATHS)",
					../../include/,
					/Volumes/HDD/Dan/SVN/tvOSCorePackage/release/project/xcode4/tvos,
					"$(SRCROOT)/**",
					"\"$(SRCROOT)/\"",
				);
				INFOPLIST_FILE = ../../Info.plist;
				INSTALL_PATH = "\"$(HOME)/Applications\"";
				MODULEMAP_FILE = "$(SAMPLE-CODE-DISAMBIGUATOR)";
				OBJROOT = obj/Debug/test;
				ONLY_ACTIVE_ARCH = YES;
				OTHER_CFLAGS = (
					"-std=c++11",
					"-stdlib=libc++",
					"-x",
					"objective-c++",
					"-Wno-error",
					"-fembed-bitcode",
				);
				OTHER_LDFLAGS = "";
				PRODUCT_BUNDLE_IDENTIFIER = com.myBundle.id;
				PRODUCT_NAME = test_d;
				PROVISIONING_PROFILE_SPECIFIER = "";
				SDKROOT = appletvos;
				SKIP_INSTALL = YES;
				SYMROOT = ../../../build/xcode4/tvos;
				TARGETED_DEVICE_FAMILY = 3;
				TVOS_DEPLOYMENT_TARGET = 10.2;
				USER_HEADER_SEARCH_PATHS = "$(SRCROOT)";
				USE_HEADERMAP = NO;
				VALID_ARCHS = "$(ARCHS_STANDARD)";
			};
			name = Debug;
		};
		EC36A9C3B586016D71142003 /* Release */ = {
			isa = XCBuildConfiguration;
			buildSettings = {
				ALWAYS_SEARCH_USER_PATHS = NO;
				CLANG_CXX_LANGUAGE_STANDARD = "c++11";
				CLANG_CXX_LIBRARY = "libc++";
				CLANG_WARN_BLOCK_CAPTURE_AUTORELEASING = YES;
				CLANG_WARN_BOOL_CONVERSION = YES;
				CLANG_WARN_COMMA = YES;
				CLANG_WARN_CONSTANT_CONVERSION = YES;
				CLANG_WARN_EMPTY_BODY = YES;
				CLANG_WARN_ENUM_CONVERSION = YES;
				CLANG_WARN_INFINITE_RECURSION = YES;
				CLANG_WARN_INT_CONVERSION = YES;
				CLANG_WARN_NON_LITERAL_NULL_CONVERSION = YES;
				CLANG_WARN_OBJC_LITERAL_CONVERSION = YES;
				CLANG_WARN_RANGE_LOOP_ANALYSIS = YES;
				CLANG_WARN_STRICT_PROTOTYPES = YES;
				CLANG_WARN_SUSPICIOUS_MOVE = YES;
				CLANG_WARN_UNREACHABLE_CODE = YES;
				CLANG_WARN__DUPLICATE_METHOD_MATCH = YES;
				CODE_SIGN_IDENTITY = "iPhone Developer: Valeri Vuchov (WDTMDP2J2J)";
				COMMON_HEADER_SEARCH_PATHS = ../../../include;
				CONFIGURATION_BUILD_DIR = "";
				CONFIGURATION_TEMP_DIR = "$(OBJROOT)";
				COPY_PHASE_STRIP = NO;
				ENABLE_STRICT_OBJC_MSGSEND = YES;
				GCC_C_LANGUAGE_STANDARD = c11;
				GCC_DYNAMIC_NO_PIC = NO;
				GCC_ENABLE_CPP_EXCEPTIONS = NO;
				GCC_ENABLE_CPP_RTTI = NO;
				GCC_ENABLE_FIX_AND_CONTINUE = YES;
				GCC_ENABLE_OBJC_EXCEPTIONS = NO;
				GCC_MODEL_TUNING = G5;
				GCC_NO_COMMON_BLOCKS = YES;
				GCC_OPTIMIZATION_LEVEL = 3;
				GCC_PFE_FILE_C_DIALECTS = "c++";
				GCC_PRECOMPILE_PREFIX_HEADER = YES;
				GCC_PREFIX_HEADER = "$(SRCROOT)/test-Prefix.pch";
				GCC_PREPROCESSOR_DEFINITIONS = (
					NDEBUG,
					"_SECURE_SCL=0",
					"_SECURE_SCL_THROWS=0",
					_SCL_SECURE_NO_WARNINGS,
					_CRT_SECURE_NO_WARNINGS,
					_WINSOCK_DEPRECATED_NO_WARNINGS,
					OS_IPHONE,
				);
				GCC_SYMBOLS_PRIVATE_EXTERN = YES;
				GCC_VERSION = com.apple.compilers.llvm.clang.1_0;
				GCC_WARN_64_TO_32_BIT_CONVERSION = YES;
				GCC_WARN_ABOUT_RETURN_TYPE = YES;
				GCC_WARN_CHECK_SWITCH_STATEMENTS = NO;
				GCC_WARN_UNDECLARED_SELECTOR = YES;
				GCC_WARN_UNINITIALIZED_AUTOS = YES;
				GCC_WARN_UNUSED_FUNCTION = YES;
				GCC_WARN_UNUSED_VARIABLE = NO;
				HEADER_SEARCH_PATHS = "$(COMMON_HEADER_SEARCH_PATHS)";
				INSTALL_PATH = "\"$(HOME)/Applications\"";
				OBJROOT = "";
				ONLY_ACTIVE_ARCH = NO;
				OTHER_CFLAGS = (
					"-std=c++11",
					"-stdlib=libc++",
					"-x",
					"objective-c++",
					"-Wno-error",
					"-fembed-bitcode",
				);
				OTHER_LDFLAGS = (
					"-framework",
					CoreFoundation,
					"-framework",
					Foundation,
					"-framework",
					OpenGLES,
					"-framework",
					UIKit,
					"-framework",
					QuartzCore,
					"-framework",
					CoreMotion,
					"-framework",
					CoreTelephony,
					"-framework",
					CoreLocation,
					"-framework",
					Security,
					"-framework",
					AdSupport,
					"-framework",
					GameKit,
					"-framework",
					CFNetwork,
					"-framework",
					MobileCoreServices,
					"-framework",
					Accounts,
					"-framework",
					Social,
					"-framework",
					SystemConfiguration,
					"-framework",
					MessageUI,
					"-framework",
					CoreGraphics,
					"-framework",
					CoreAudio,
					"-framework",
					AudioToolbox,
					"-framework",
					AddressBook,
					"-framework",
					MediaPlayer,
				);
				SDKROOT = appletvos;
				SKIP_INSTALL = YES;
				STANDARD_C_PLUS_PLUS_LIBRARY_TYPE = static;
				SYMROOT = "";
				TARGETED_DEVICE_FAMILY = 3;
				TVOS_DEPLOYMENT_TARGET = 9.0;
				VALID_ARCHS = "$(ARCHS_STANDARD)";
			};
			name = Release;
		};
/* End XCBuildConfiguration section */

/* Begin XCConfigurationList section */
		1DEB928908733DD80010E9CD /* Build configuration list for PBXProject "test" */ = {
			isa = XCConfigurationList;
			buildConfigurations = (
				1D80138988E178B3D40AF9C9 /* Debug */,
				EC36A9C3B586016D71142003 /* Release */,
			);
			defaultConfigurationIsVisible = 0;
			defaultConfigurationName = Debug;
		};
		5E3FB372DCD1C61C1C5C09B2 /* Build configuration list for PBXNativeTarget "test" */ = {
			isa = XCConfigurationList;
			buildConfigurations = (
				A5E8C35E15F3754892EA219E /* Debug */,
				2584D458C303A8C25856C298 /* Release */,
			);
			defaultConfigurationIsVisible = 0;
			defaultConfigurationName = Debug;
		};
/* End XCConfigurationList section */
	};
	rootObject = 08FB7793FE84155DC02AAC07 /* Project object */;
}
